lockfileVersion: 5.4

specifiers:
  dotenv: ^16.0.1
  pino: ^8.4.2
  pino-elasticsearch: ^6.2.0
  pino-multi-stream: ^6.0.0

dependencies:
  dotenv: 16.0.1
  pino: 8.4.2
  pino-elasticsearch: 6.2.0
  pino-multi-stream: 6.0.0

packages:

  /@elastic/elasticsearch/7.17.0:
    resolution: {integrity: sha512-5QLPCjd0uLmLj1lSuKSThjNpq39f6NmlTy9ROLFwG5gjyTgpwSqufDeYG/Fm43Xs05uF7WcscoO7eguI3HuuYA==}
    engines: {node: '>=12'}
    dependencies:
      debug: 4.3.4
      hpagent: 0.1.2
      ms: 2.1.3
      secure-json-parse: 2.5.0
    transitivePeerDependencies:
      - supports-color
    dev: false

  /abort-controller/3.0.0:
    resolution: {integrity: sha512-h8lQ8tacZYnR3vNQTgibj+tODHI5/+l06Au2Pcriv/Gmet0eaj4TwWH41sO9wnHDiQsEj19q0drzdWdeAHtweg==}
    engines: {node: '>=6.5'}
    dependencies:
      event-target-shim: 5.0.1
    dev: false

  /atomic-sleep/1.0.0:
    resolution: {integrity: sha512-kNOjDqAh7px0XWNI+4QbzoiR/nTkHAWNud2uvnJquD1/x5a7EQZMJT0AczqK0Qn67oY/TTQ1LbUKajZpp3I9tQ==}
    engines: {node: '>=8.0.0'}
    dev: false

  /debug/4.3.4:
    resolution: {integrity: sha512-PRWFHuSU3eDtQJPvnNY7Jcket1j0t5OuOsFzPPzsekD52Zl8qUfFIPEiswXqIvHWGVHOgX+7G/vCNNhehwxfkQ==}
    engines: {node: '>=6.0'}
    peerDependencies:
      supports-color: '*'
    peerDependenciesMeta:
      supports-color:
        optional: true
    dependencies:
      ms: 2.1.2
    dev: false

  /dotenv/16.0.1:
    resolution: {integrity: sha512-1K6hR6wtk2FviQ4kEiSjFiH5rpzEVi8WW0x96aztHVMhEspNpc4DVOUTEHtEva5VThQ8IaBX1Pe4gSzpVVUsKQ==}
    engines: {node: '>=12'}
    dev: false

  /duplexify/4.1.2:
    resolution: {integrity: sha512-fz3OjcNCHmRP12MJoZMPglx8m4rrFP8rovnk4vT8Fs+aonZoCwGg10dSsQsfP/E62eZcPTMSMP6686fu9Qlqtw==}
    dependencies:
      end-of-stream: 1.4.4
      inherits: 2.0.4
      readable-stream: 3.6.0
      stream-shift: 1.0.1
    dev: false

  /end-of-stream/1.4.4:
    resolution: {integrity: sha512-+uw1inIHVPQoaVuHzRyXd21icM+cnt4CzD5rW+NC1wjOUSTOs+Te7FOv7AhN7vS9x/oIyhLP5PR1H+phQAHu5Q==}
    dependencies:
      once: 1.4.0
    dev: false

  /event-target-shim/5.0.1:
    resolution: {integrity: sha512-i/2XbnSz/uxRCU6+NdVJgKWDTM427+MqYbkQzD321DuCQJUqOuJKIA0IM2+W2xtYHdKOmZ4dR6fExsd4SXL+WQ==}
    engines: {node: '>=6'}
    dev: false

  /fast-redact/3.1.1:
    resolution: {integrity: sha512-odVmjC8x8jNeMZ3C+rPMESzXVSEU8tSWSHv9HFxP2mm89G/1WwqhrerJDQm9Zus8X6aoRgQDThKqptdNA6bt+A==}
    engines: {node: '>=6'}
    dev: false

  /hpagent/0.1.2:
    resolution: {integrity: sha512-ePqFXHtSQWAFXYmj+JtOTHr84iNrII4/QRlAAPPE+zqnKy4xJo7Ie1Y4kC7AdB+LxLxSTTzBMASsEcy0q8YyvQ==}
    dev: false

  /inherits/2.0.4:
    resolution: {integrity: sha512-k/vGaX4/Yla3WzyMCvTQOXYeIHvqOKtnqBduzTHpzpQZzAskKMhZ2K+EnBiSM9zGSoIFeMpXKxa4dYeZIQqewQ==}
    dev: false

  /minimist/1.2.6:
    resolution: {integrity: sha512-Jsjnk4bw3YJqYzbdyBiNsPWHPfO++UGG749Cxs6peCu5Xg4nrena6OVxOYxrQTqww0Jmwt+Ref8rggumkTLz9Q==}
    dev: false

  /ms/2.1.2:
    resolution: {integrity: sha512-sGkPx+VjMtmA6MX27oA4FBFELFCZZ4S4XqeGOXCv68tT+jb3vk/RyaKWP0PTKyWtmLSM0b+adUTEvbs1PEaH2w==}
    dev: false

  /ms/2.1.3:
    resolution: {integrity: sha512-6FlzubTLZG3J2a/NVCAleEhjzq5oxgHyaCU9yYXvcLsvoVaHJq/s5xXI6/XXP6tz7R9xAOtHnSO/tXtF3WRTlA==}
    dev: false

  /on-exit-leak-free/0.2.0:
    resolution: {integrity: sha512-dqaz3u44QbRXQooZLTUKU41ZrzYrcvLISVgbrzbyCMxpmSLJvZ3ZamIJIZ29P6OhZIkNIQKosdeM6t1LYbA9hg==}
    dev: false

  /on-exit-leak-free/2.1.0:
    resolution: {integrity: sha512-VuCaZZAjReZ3vUwgOB8LxAosIurDiAW0s13rI1YwmaP++jvcxP77AWoQvenZebpCA2m8WC1/EosPYPMjnRAp/w==}
    dev: false

  /once/1.4.0:
    resolution: {integrity: sha512-lNaJgI+2Q5URQBkccEKHTQOPaXdUxnZZElQTZY0MFUAuaEqe1E+Nyvgdz/aIyNi6Z9MzO5dv1H8n58/GELp3+w==}
    dependencies:
      wrappy: 1.0.2
    dev: false

  /pino-abstract-transport/0.5.0:
    resolution: {integrity: sha512-+KAgmVeqXYbTtU2FScx1XS3kNyfZ5TrXY07V96QnUSFqo2gAqlvmaxH67Lj7SWazqsMabf+58ctdTcBgnOLUOQ==}
    dependencies:
      duplexify: 4.1.2
      split2: 4.1.0
    dev: false

  /pino-abstract-transport/1.0.0:
    resolution: {integrity: sha512-c7vo5OpW4wIS42hUVcT5REsL8ZljsUfBjqV/e2sFxmFEFZiq1XLUp5EYLtuDH6PEHq9W1egWqRbnLUP5FuZmOA==}
    dependencies:
      readable-stream: 4.1.0
      split2: 4.1.0
    dev: false

  /pino-elasticsearch/6.2.0:
    resolution: {integrity: sha512-kGjgRK84GBO9HU6d9Wnm2v/XY0rxWB/olPEQPHg54KiFiFpfN112jB7sqda8PeMCzgf5KaJKdZncP04sok+Tmg==}
    engines: {node: '>=10'}
    hasBin: true
    dependencies:
      '@elastic/elasticsearch': 7.17.0
      minimist: 1.2.6
      pump: 3.0.0
      readable-stream: 3.6.0
      split2: 3.2.2
    transitivePeerDependencies:
      - supports-color
    dev: false

  /pino-multi-stream/6.0.0:
    resolution: {integrity: sha512-oCuTtaDSUB5xK1S45r9oWE0Dj8RWdHVvaGTft5pO/rmzgIqQRkilf5Ooilz3uRm0IYj8sPRho3lVx48LCmXjvQ==}
    deprecated: No longer supported. Use the multi-stream support in the latest core Pino
    dependencies:
      pino: 7.11.0
    dev: false

  /pino-std-serializers/4.0.0:
    resolution: {integrity: sha512-cK0pekc1Kjy5w9V2/n+8MkZwusa6EyyxfeQCB799CQRhRt/CqYKiWs5adeu8Shve2ZNffvfC/7J64A2PJo1W/Q==}
    dev: false

  /pino-std-serializers/6.0.0:
    resolution: {integrity: sha512-mMMOwSKrmyl+Y12Ri2xhH1lbzQxwwpuru9VjyJpgFIH4asSj88F2csdMwN6+M5g1Ll4rmsYghHLQJw81tgZ7LQ==}
    dev: false

  /pino/7.11.0:
    resolution: {integrity: sha512-dMACeu63HtRLmCG8VKdy4cShCPKaYDR4youZqoSWLxl5Gu99HUw8bw75thbPv9Nip+H+QYX8o3ZJbTdVZZ2TVg==}
    hasBin: true
    dependencies:
      atomic-sleep: 1.0.0
      fast-redact: 3.1.1
      on-exit-leak-free: 0.2.0
      pino-abstract-transport: 0.5.0
      pino-std-serializers: 4.0.0
      process-warning: 1.0.0
      quick-format-unescaped: 4.0.4
      real-require: 0.1.0
      safe-stable-stringify: 2.3.1
      sonic-boom: 2.8.0
      thread-stream: 0.15.2
    dev: false

  /pino/8.4.2:
    resolution: {integrity: sha512-PlXDeGhJZfAuVay+wtlS02s5j8uisQveZExYdAm9MwwxUQSz9R7Q78XtjM2tTa4sa5KJmygimZjZxXXuHgV6ew==}
    hasBin: true
    dependencies:
      atomic-sleep: 1.0.0
      fast-redact: 3.1.1
      on-exit-leak-free: 2.1.0
      pino-abstract-transport: 1.0.0
      pino-std-serializers: 6.0.0
      process-warning: 2.0.0
      quick-format-unescaped: 4.0.4
      real-require: 0.2.0
      safe-stable-stringify: 2.3.1
      sonic-boom: 3.2.0
      thread-stream: 2.0.1
    dev: false

  /process-warning/1.0.0:
    resolution: {integrity: sha512-du4wfLyj4yCZq1VupnVSZmRsPJsNuxoDQFdCFHLaYiEbFBD7QE0a+I4D7hOxrVnh78QE/YipFAj9lXHiXocV+Q==}
    dev: false

  /process-warning/2.0.0:
    resolution: {integrity: sha512-+MmoAXoUX+VTHAlwns0h+kFUWFs/3FZy+ZuchkgjyOu3oioLAo2LB5aCfKPh2+P9O18i3m43tUEv3YqttSy0Ww==}
    dev: false

  /pump/3.0.0:
    resolution: {integrity: sha512-LwZy+p3SFs1Pytd/jYct4wpv49HiYCqd9Rlc5ZVdk0V+8Yzv6jR5Blk3TRmPL1ft69TxP0IMZGJ+WPFU2BFhww==}
    dependencies:
      end-of-stream: 1.4.4
      once: 1.4.0
    dev: false

  /quick-format-unescaped/4.0.4:
    resolution: {integrity: sha512-tYC1Q1hgyRuHgloV/YXs2w15unPVh8qfu/qCTfhTYamaw7fyhumKa2yGpdSo87vY32rIclj+4fWYQXUMs9EHvg==}
    dev: false

  /readable-stream/3.6.0:
    resolution: {integrity: sha512-BViHy7LKeTz4oNnkcLJ+lVSL6vpiFeX6/d3oSH8zCW7UxP2onchk+vTGB143xuFjHS3deTgkKoXXymXqymiIdA==}
    engines: {node: '>= 6'}
    dependencies:
      inherits: 2.0.4
      string_decoder: 1.3.0
      util-deprecate: 1.0.2
    dev: false

  /readable-stream/4.1.0:
    resolution: {integrity: sha512-sVisi3+P2lJ2t0BPbpK629j8wRW06yKGJUcaLAGXPAUhyUxVJm7VsCTit1PFgT4JHUDMrGNR+ZjSKpzGaRF3zw==}
    engines: {node: ^12.22.0 || ^14.17.0 || >=16.0.0}
    dependencies:
      abort-controller: 3.0.0
    dev: false

  /real-require/0.1.0:
    resolution: {integrity: sha512-r/H9MzAWtrv8aSVjPCMFpDMl5q66GqtmmRkRjpHTsp4zBAa+snZyiQNlMONiUmEJcsnaw0wCauJ2GWODr/aFkg==}
    engines: {node: '>= 12.13.0'}
    dev: false

  /real-require/0.2.0:
    resolution: {integrity: sha512-57frrGM/OCTLqLOAh0mhVA9VBMHd+9U7Zb2THMGdBUoZVOtGbJzjxsYGDJ3A9AYYCP4hn6y1TVbaOfzWtm5GFg==}
    engines: {node: '>= 12.13.0'}
    dev: false

  /safe-buffer/5.2.1:
    resolution: {integrity: sha512-rp3So07KcdmmKbGvgaNxQSJr7bGVSVk5S9Eq1F+ppbRo70+YeaDxkw5Dd8NPN+GD6bjnYm2VuPuCXmpuYvmCXQ==}
    dev: false

  /safe-stable-stringify/2.3.1:
    resolution: {integrity: sha512-kYBSfT+troD9cDA85VDnHZ1rpHC50O0g1e6WlGHVCz/g+JS+9WKLj+XwFYyR8UbrZN8ll9HUpDAAddY58MGisg==}
    engines: {node: '>=10'}
    dev: false

  /secure-json-parse/2.5.0:
    resolution: {integrity: sha512-ZQruFgZnIWH+WyO9t5rWt4ZEGqCKPwhiw+YbzTwpmT9elgLrLcfuyUiSnwwjUiVy9r4VM3urtbNF1xmEh9IL2w==}
    dev: false

  /sonic-boom/2.8.0:
    resolution: {integrity: sha512-kuonw1YOYYNOve5iHdSahXPOK49GqwA+LZhI6Wz/l0rP57iKyXXIHaRagOBHAPmGwJC6od2Z9zgvZ5loSgMlVg==}
    dependencies:
      atomic-sleep: 1.0.0
    dev: false

  /sonic-boom/3.2.0:
    resolution: {integrity: sha512-SbbZ+Kqj/XIunvIAgUZRlqd6CGQYq71tRRbXR92Za8J/R3Yh4Av+TWENiSiEgnlwckYLyP0YZQWVfyNC0dzLaA==}
    dependencies:
      atomic-sleep: 1.0.0
    dev: false

  /split2/3.2.2:
    resolution: {integrity: sha512-9NThjpgZnifTkJpzTZ7Eue85S49QwpNhZTq6GRJwObb6jnLFNGB7Qm73V5HewTROPyxD0C29xqmaI68bQtV+hg==}
    dependencies:
      readable-stream: 3.6.0
    dev: false

  /split2/4.1.0:
    resolution: {integrity: sha512-VBiJxFkxiXRlUIeyMQi8s4hgvKCSjtknJv/LVYbrgALPwf5zSKmEwV9Lst25AkvMDnvxODugjdl6KZgwKM1WYQ==}
    engines: {node: '>= 10.x'}
    dev: false

  /stream-shift/1.0.1:
    resolution: {integrity: sha512-AiisoFqQ0vbGcZgQPY1cdP2I76glaVA/RauYR4G4thNFgkTqr90yXTo4LYX60Jl+sIlPNHHdGSwo01AvbKUSVQ==}
    dev: false

  /string_decoder/1.3.0:
    resolution: {integrity: sha512-hkRX8U1WjJFd8LsDJ2yQ/wWWxaopEsABU1XfkM8A+j0+85JAGppt16cr1Whg6KIbb4okU6Mql6BOj+uup/wKeA==}
    dependencies:
      safe-buffer: 5.2.1
    dev: false

  /thread-stream/0.15.2:
    resolution: {integrity: sha512-UkEhKIg2pD+fjkHQKyJO3yoIvAP3N6RlNFt2dUhcS1FGvCD1cQa1M/PGknCLFIyZdtJOWQjejp7bdNqmN7zwdA==}
    dependencies:
      real-require: 0.1.0
    dev: false

  /thread-stream/2.0.1:
    resolution: {integrity: sha512-X7vWOdsHLkBq0si20ruEE2ttpS7WOVyD52xKu+TOjrRP9Qi9uB9ynHYpzZUbBptArBSuKYUn4mH+jEBnO2CRGg==}
    dependencies:
      real-require: 0.2.0
    dev: false

  /util-deprecate/1.0.2:
    resolution: {integrity: sha512-EPD5q1uXyFxJpCrLnCc1nHnq3gOa6DZBocAIiI2TaSCA7VCJ1UJDMagCzIkXNsUYfD1daK//LTEQ8xiIbrHtcw==}
    dev: false

  /wrappy/1.0.2:
    resolution: {integrity: sha512-l4Sp/DRseor9wL6EvV2+TuQn63dMkPjZ/sp9XkghTEbV9KlPS1xUsZ3u7/IQO4wxtcFB4bgpQPRcR3QCvezPcQ==}
    dev: false
